
Microsoft Visual Studio Solution File, Format Version 12.00
# Visual Studio Version 17
VisualStudioVersion = 17.9.34728.123
MinimumVisualStudioVersion = 10.0.40219.1
Project("{FAE04EC0-301F-11D3-BF4B-00C04F79EFBC}") = "TaskManager", "TaskManager\TaskManager.csproj", "{EB999A41-9866-4562-9BAC-9010FB0E3168}"
EndProject
Global
	GlobalSection(SolutionConfigurationPlatforms) = preSolution
		Debug|Any CPU = Debug|Any CPU
		Release|Any CPU = Release|Any CPU
	EndGlobalSection
	GlobalSection(ProjectConfigurationPlatforms) = postSolution
		{EB999A41-9866-4562-9BAC-9010FB0E3168}.Debug|Any CPU.ActiveCfg = Debug|Any CPU
		{EB999A41-9866-4562-9BAC-9010FB0E3168}.Debug|Any CPU.Build.0 = Debug|Any CPU
		{EB999A41-9866-4562-9BAC-9010FB0E3168}.Release|Any CPU.ActiveCfg = Release|Any CPU
		{EB999A41-9866-4562-9BAC-9010FB0E3168}.Release|Any CPU.Build.0 = Release|Any CPU
	EndGlobalSection
	GlobalSection(SolutionProperties) = preSolution
		HideSolutionNode = FALSE
	EndGlobalSection
	GlobalSection(ExtensibilityGlobals) = postSolution
		SolutionGuid = {7FEEE46A-97A2-45A6-9E5D-C15007CE7DDA}
	EndGlobalSection
EndGlobal
